
Microsoft Visual Studio Solution File, Format Version 12.00
# Visual Studio Version 17
VisualStudioVersion = 17.2.32602.215
MinimumVisualStudioVersion = 10.0.40219.1
Project("{FAE04EC0-301F-11D3-BF4B-00C04F79EFBC}") = "Procedural Caves", "Procedural Caves\Procedural Caves.csproj", "{C624E72B-B8E2-49EF-AFDD-52D05BD91E62}"
EndProject
Global
	GlobalSection(SolutionConfigurationPlatforms) = preSolution
		Debug|Any CPU = Debug|Any CPU
		Release|Any CPU = Release|Any CPU
	EndGlobalSection
	GlobalSection(ProjectConfigurationPlatforms) = postSolution
		{C624E72B-B8E2-49EF-AFDD-52D05BD91E62}.Debug|Any CPU.ActiveCfg = Debug|Any CPU
		{C624E72B-B8E2-49EF-AFDD-52D05BD91E62}.Debug|Any CPU.Build.0 = Debug|Any CPU
		{C624E72B-B8E2-49EF-AFDD-52D05BD91E62}.Release|Any CPU.ActiveCfg = Release|Any CPU
		{C624E72B-B8E2-49EF-AFDD-52D05BD91E62}.Release|Any CPU.Build.0 = Release|Any CPU
	EndGlobalSection
	GlobalSection(SolutionProperties) = preSolution
		HideSolutionNode = FALSE
	EndGlobalSection
	GlobalSection(ExtensibilityGlobals) = postSolution
		SolutionGuid = {573561B4-6FC2-46D6-AA82-4380F885DCA1}
	EndGlobalSection
EndGlobal
